<?xml version="1.0" encoding="utf-8"?>
<Project ToolsVersion="4.0" xmlns="http://schemas.microsoft.com/developer/msbuild/2003">
  <ItemGroup>
    <Filter Include="Source Files">
      <UniqueIdentifier>{4FC737F1-C7A5-4376-A066-2A32D752A2FF}</UniqueIdentifier>
      <Extensions>cpp;c;cc;cxx;def;odl;idl;hpj;bat;asm;asmx</Extensions>
    </Filter>
    <Filter Include="Header Files">
      <UniqueIdentifier>{93995380-89BD-4b04-88EB-625FBE52EBFB}</UniqueIdentifier>
      <Extensions>h;hh;hpp;hxx;hm;inl;inc;xsd</Extensions>
    </Filter>
  </ItemGroup>
  <ItemGroup>
    <ClInclude Include="BaseDriver.h">
      <Filter>Header Files</Filter>
    </ClInclude>
    <ClInclude Include="Core.h">
      <Filter>Header Files</Filter>
    </ClInclude>
    <ClInclude Include="Win32Framework.h">
      <Filter>Header Files</Filter>
    </ClInclude>
    <ClInclude Include="GLDriver.h">
      <Filter>Header Files</Filter>
    </ClInclude>
    <ClInclude Include="PrimitiveBase.h">
      <Filter>Header Files</Filter>
    </ClInclude>
    <ClInclude Include="PrimitiveManager.h">
      <Filter>Header Files</Filter>
    </ClInclude>
    <ClInclude Include="InputManager.h">
      <Filter>Header Files</Filter>
    </ClInclude>
    <ClInclude Include="Timer.h">
      <Filter>Header Files</Filter>
    </ClInclude>
    <ClInclude Include="PrimitiveInstance.h">
      <Filter>Header Files</Filter>
    </ClInclude>
    <ClInclude Include="Texture.h">
      <Filter>Header Files</Filter>
    </ClInclude>
    <ClInclude Include="TextureGL.h">
      <Filter>Header Files</Filter>
    </ClInclude>
    <ClInclude Include="D3DXDriver.h">
      <Filter>Header Files</Filter>
    </ClInclude>
    <ClInclude Include="Cube.h">
      <Filter>Header Files</Filter>
    </ClInclude>
    <ClInclude Include="Triangle.h">
      <Filter>Header Files</Filter>
    </ClInclude>
    <ClInclude Include="Mesh.h">
      <Filter>Header Files</Filter>
    </ClInclude>
    <ClInclude Include="Config.h">
      <Filter>Header Files</Filter>
    </ClInclude>
    <ClInclude Include="TextureD3D.h">
      <Filter>Header Files</Filter>
    </ClInclude>
    <ClInclude Include="Utils.h">
      <Filter>Header Files</Filter>
    </ClInclude>
  </ItemGroup>
  <ItemGroup>
    <ClCompile Include="Core.cpp">
      <Filter>Source Files</Filter>
    </ClCompile>
    <ClCompile Include="Win32Framework.cpp">
      <Filter>Source Files</Filter>
    </ClCompile>
    <ClCompile Include="GLDriver.cpp">
      <Filter>Source Files</Filter>
    </ClCompile>
    <ClCompile Include="PrimitiveManager.cpp">
      <Filter>Source Files</Filter>
    </ClCompile>
    <ClCompile Include="InputManager.cpp">
      <Filter>Source Files</Filter>
    </ClCompile>
    <ClCompile Include="Timer.cpp">
      <Filter>Source Files</Filter>
    </ClCompile>
    <ClCompile Include="PrimitiveInstance.cpp">
      <Filter>Source Files</Filter>
    </ClCompile>
    <ClCompile Include="Texture.cpp">
      <Filter>Source Files</Filter>
    </ClCompile>
    <ClCompile Include="TextureGL.cpp">
      <Filter>Source Files</Filter>
    </ClCompile>
    <ClCompile Include="D3DXDriver.cpp">
      <Filter>Source Files</Filter>
    </ClCompile>
    <ClCompile Include="Cube.cpp">
      <Filter>Source Files</Filter>
    </ClCompile>
    <ClCompile Include="Mesh.cpp">
      <Filter>Source Files</Filter>
    </ClCompile>
    <ClCompile Include="Triangle.cpp">
      <Filter>Source Files</Filter>
    </ClCompile>
    <ClCompile Include="TextureD3D.cpp">
      <Filter>Source Files</Filter>
    </ClCompile>
    <ClCompile Include="Utils.cpp">
      <Filter>Source Files</Filter>
    </ClCompile>
  </ItemGroup>
</Project>